{
  "name": "sucursarvirtual-idnafmoc",
  "lockfileVersion": 3,
  "requires": true,
  "packages": {
    "": {
      "dependencies": {
        "survey-core": "^2.4.0",
        "survey-creator": "^1.12.57"
      }
    },
    "node_modules/ace-builds": {
      "version": "1.43.4",
      "resolved": "https://registry.npmjs.org/ace-builds/-/ace-builds-1.43.4.tgz",
      "integrity": "sha512-8hAxVfo2ImICd69BWlZwZlxe9rxDGDjuUhh+WeWgGDvfBCE+r3lkynkQvIovDz4jcMi8O7bsEaFygaDT+h9sBA==",
      "license": "BSD-3-Clause",
      "peer": true
    },
    "node_modules/bootstrap": {
      "version": "3.4.1",
      "resolved": "https://registry.npmjs.org/bootstrap/-/bootstrap-3.4.1.tgz",
      "integrity": "sha512-yN5oZVmRCwe5aKwzRj6736nSmKDX7pLYwsXiCj/EYmo16hODaBiT4En5btW/jhBF/seV+XMx3aYwukYC3A49DA==",
      "deprecated": "This version of Bootstrap is no longer supported. Please upgrade to the latest version.",
      "license": "MIT",
      "peer": true,
      "engines": {
        "node": ">=6"
      }
    },
    "node_modules/jquery": {
      "version": "3.7.1",
      "resolved": "https://registry.npmjs.org/jquery/-/jquery-3.7.1.tgz",
      "integrity": "sha512-m4avr8yL8kmFN8psrbFFFmB/If14iN5o9nw/NgnnM+kybDJpRsAynV2BsfpTYrTRysYUdADVD7CkUUizgkpLfg==",
      "license": "MIT",
      "peer": true
    },
    "node_modules/knockout": {
      "version": "3.5.1",
      "resolved": "https://registry.npmjs.org/knockout/-/knockout-3.5.1.tgz",
      "integrity": "sha512-wRJ9I4az0QcsH7A4v4l0enUpkS++MBx0BnL/68KaLzJg7x1qmbjSlwEoCNol7KTYZ+pmtI7Eh2J0Nu6/2Z5J/Q==",
      "license": "MIT"
    },
    "node_modules/survey-core": {
      "version": "2.4.0",
      "resolved": "https://registry.npmjs.org/survey-core/-/survey-core-2.4.0.tgz",
      "integrity": "sha512-KmdY203Oq4rUjnZsUnHi+3eSO4/rvVoej6JEDPXe040+aQa4NhG76wE00lNRLQgXU2Orvy0EA9jfEPCsCoH36Q==",
      "license": "MIT"
    },
    "node_modules/survey-creator": {
      "version": "1.12.57",
      "resolved": "https://registry.npmjs.org/survey-creator/-/survey-creator-1.12.57.tgz",
      "integrity": "sha512-//g+3+B0q0QozT14DYHG6Wqd6aRGXC8vFN7aGdvUAlwXRPSjrqHowIGQNz6Ay/toUQiZVS793sMOfvdOmQOSjA==",
      "license": "SEE LICENSE IN LICENSE",
      "dependencies": {
        "knockout": "^3.5.0",
        "survey-knockout": "^1.12.57"
      },
      "engines": {
        "node": ">=0.10.0"
      },
      "peerDependencies": {
        "ace-builds": "^1.2.2",
        "bootstrap": "^3.3.6",
        "jquery": "^3.1.1"
      }
    },
    "node_modules/survey-knockout": {
      "version": "1.12.57",
      "resolved": "https://registry.npmjs.org/survey-knockout/-/survey-knockout-1.12.57.tgz",
      "integrity": "sha512-G5+aj9BHwMalTotkdNxdYtTY8EwQn8X8Jq8Euv4Z4HQBjcLWvilL0vPdjP5kauX01uKTKLu3XfrlGL50vHlskQ==",
      "license": "MIT",
      "dependencies": {
        "knockout": "^3.5.1"
      }
    }
  }
}
